{
  "name": "lab",
  "version": "2.0.0-beta",
  "lockfileVersion": 1,
  "requires": true,
  "dependencies": {
    "@material/animation": {
      "version": "0.41.0",
      "resolved": "https://registry.npmjs.org/@material/animation/-/animation-0.41.0.tgz",
      "integrity": "sha512-yYAwJbX3Q2AFd4dr6IYOsWLQy2HN8zWOFVl9AbUXunjzTfJCa/ecfXCriaT6qkmoNoHeTdJHRrsQJZC5GsPvzA=="
    },
    "@material/base": {
      "version": "0.41.0",
      "resolved": "https://registry.npmjs.org/@material/base/-/base-0.41.0.tgz",
      "integrity": "sha512-tEyzwBRu3d1H120SfKsDVYZHcqT5lKohh/7cWKR93aAaPDkSvjpKJIjyu2yuSkjpDduVZGzVocYbOvhUKhhzXQ=="
    },
    "@material/button": {
      "version": "0.44.0",
      "resolved": "https://registry.npmjs.org/@material/button/-/button-0.44.0.tgz",
      "integrity": "sha512-T8u8s8rlB49D9/5Nh5b0XsKRgSq3X0yWGo71MgaTnCnwxt8oZ6PxW/cH6Nn3Xp0NCr3mlSVQs08BviUfAmtlsg==",
      "requires": {
        "@material/elevation": "^0.44.0",
        "@material/feature-targeting": "^0.44.0",
        "@material/ripple": "^0.44.0",
        "@material/rtl": "^0.42.0",
        "@material/shape": "^0.43.0",
        "@material/theme": "^0.43.0",
        "@material/typography": "^0.44.0"
      }
    },
    "@material/card": {
      "version": "0.44.0",
      "resolved": "https://registry.npmjs.org/@material/card/-/card-0.44.0.tgz",
      "integrity": "sha512-fUixXuh133bVp5c1gPIHreL5jwMJEeVIQf0E4xdxhkA+i4ku8fIAvIW62EuCmfJsXicv4q8NG3Ip6pCY+NW3ZA==",
      "requires": {
        "@material/elevation": "^0.44.0",
        "@material/ripple": "^0.44.0",
        "@material/rtl": "^0.42.0",
        "@material/shape": "^0.43.0",
        "@material/theme": "^0.43.0"
      }
    },
    "@material/checkbox": {
      "version": "0.44.0",
      "resolved": "https://registry.npmjs.org/@material/checkbox/-/checkbox-0.44.0.tgz",
      "integrity": "sha512-IzucxG+NuPNyByGmHg/cuYJ5ooMKouuj994PZXZyqb7owfrjjtXm7wjav66cvCowbVbcoa1owQMGBi18C9f4TQ==",
      "requires": {
        "@material/animation": "^0.41.0",
        "@material/base": "^0.41.0",
        "@material/ripple": "^0.44.0",
        "@material/rtl": "^0.42.0",
        "@material/selection-control": "^0.44.0",
        "@material/theme": "^0.43.0"
      }
    },
    "@material/dom": {
      "version": "0.41.0",
      "resolved": "https://registry.npmjs.org/@material/dom/-/dom-0.41.0.tgz",
      "integrity": "sha512-wOJrMwjPddYXpQFZAIaCLWI3TO/6KU1lxESTBzunni8A4FHQVWhokml5Xt85GqZwmPFeIF2s+D0wfbWyrGBuKQ=="
    },
    "@material/drawer": {
      "version": "0.44.0",
      "resolved": "https://registry.npmjs.org/@material/drawer/-/drawer-0.44.0.tgz",
      "integrity": "sha512-AYwFe0jgqqSmJd1bny8JJTA2SScF86Wfbk99lXXEwd/acS8IbnnuH6zfAg6MyJX12FDb8dE8Z/Ok1IwLiVa9sQ==",
      "requires": {
        "@material/animation": "^0.41.0",
        "@material/base": "^0.41.0",
        "@material/elevation": "^0.44.0",
        "@material/list": "^0.44.0",
        "@material/ripple": "^0.44.0",
        "@material/rtl": "^0.42.0",
        "@material/shape": "^0.43.0",
        "@material/theme": "^0.43.0",
        "@material/typography": "^0.44.0",
        "focus-trap": "^4.0.2"
      }
    },
    "@material/elevation": {
      "version": "0.44.0",
      "resolved": "https://registry.npmjs.org/@material/elevation/-/elevation-0.44.0.tgz",
      "integrity": "sha512-edNou34yFCSMb6XXe/6Y7AEh8DigWAhBUyIeMiMBD4k1km2xYCJbcnl8FBPJFteOrca97KoJComRlJPB6EurRQ==",
      "requires": {
        "@material/animation": "^0.41.0",
        "@material/theme": "^0.43.0"
      }
    },
    "@material/feature-targeting": {
      "version": "0.44.0",
      "resolved": "https://registry.npmjs.org/@material/feature-targeting/-/feature-targeting-0.44.0.tgz",
      "integrity": "sha512-ShuC2TOLfjFpYUCQFtvkqDJhM6HTaucSx5HkRbOvOG+VlpzDx6pAqRUmdVaq2p7tHoQf2vwPMlSVm3gOjWt4VQ=="
    },
    "@material/floating-label": {
      "version": "0.44.0",
      "resolved": "https://registry.npmjs.org/@material/floating-label/-/floating-label-0.44.0.tgz",
      "integrity": "sha512-k4npGNxyMtnjgJZNjU5VvqqaUqlbzlbVAhepT8PxYTpj+4Skg6PjHwieTCDCgsbqHvFcQX+WfUrSZXY7wFV7cw==",
      "requires": {
        "@material/animation": "^0.41.0",
        "@material/base": "^0.41.0",
        "@material/rtl": "^0.42.0",
        "@material/theme": "^0.43.0",
        "@material/typography": "^0.44.0"
      }
    },
    "@material/form-field": {
      "version": "0.44.0",
      "resolved": "https://registry.npmjs.org/@material/form-field/-/form-field-0.44.0.tgz",
      "integrity": "sha512-SK+V34dzoBCQ/CHn5nBp8BAh21Vj9p1pcok+/WpYBTeg4EphTYP2nUQLMNEN92l6zjgAYf+g9Ocj3t26HNHWqA==",
      "requires": {
        "@material/base": "^0.41.0",
        "@material/rtl": "^0.42.0",
        "@material/selection-control": "^0.44.0",
        "@material/theme": "^0.43.0",
        "@material/typography": "^0.44.0"
      }
    },
    "@material/layout-grid": {
      "version": "0.41.0",
      "resolved": "https://registry.npmjs.org/@material/layout-grid/-/layout-grid-0.41.0.tgz",
      "integrity": "sha512-Sa5RNoTGgfIojqJ9E94p7/k11V6q/tGk7HwKi4AQNAPjxield0zcl3G/SbsSb8YSHoK+D+7OXDN+n11x6EqF7g=="
    },
    "@material/line-ripple": {
      "version": "0.43.0",
      "resolved": "https://registry.npmjs.org/@material/line-ripple/-/line-ripple-0.43.0.tgz",
      "integrity": "sha512-sXZYW4Em5uLEnAuVsQCO+sVHsTg7J2TOTJ0+akwZFMmd2tmNicjarQdlGIE9iU7Wjm51NOoLAu6Mz+8kLg90bQ==",
      "requires": {
        "@material/animation": "^0.41.0",
        "@material/base": "^0.41.0",
        "@material/theme": "^0.43.0"
      }
    },
    "@material/list": {
      "version": "0.44.0",
      "resolved": "https://registry.npmjs.org/@material/list/-/list-0.44.0.tgz",
      "integrity": "sha512-35gkN1+XZaau9d9ngyN2x14bzkj/ajZCDm7mbWibDQy272A16j6KuFLQFA8RUQV04OgL4YPVxY87dpCn/p+uTg==",
      "requires": {
        "@material/base": "^0.41.0",
        "@material/dom": "^0.41.0",
        "@material/ripple": "^0.44.0",
        "@material/rtl": "^0.42.0",
        "@material/shape": "^0.43.0",
        "@material/theme": "^0.43.0",
        "@material/typography": "^0.44.0"
      }
    },
    "@material/notched-outline": {
      "version": "0.44.0",
      "resolved": "https://registry.npmjs.org/@material/notched-outline/-/notched-outline-0.44.0.tgz",
      "integrity": "sha512-c3nqOqUQAmW3h4zBbZVbMRdf4nNTYm0tVwXIAwmcCs5nvAthEHnzHwwFddNP7/9Wju6LZ0uqWn6xlyKly0uipw==",
      "requires": {
        "@material/animation": "^0.41.0",
        "@material/base": "^0.41.0",
        "@material/floating-label": "^0.44.0",
        "@material/rtl": "^0.42.0",
        "@material/shape": "^0.43.0",
        "@material/theme": "^0.43.0"
      }
    },
    "@material/ripple": {
      "version": "0.44.0",
      "resolved": "https://registry.npmjs.org/@material/ripple/-/ripple-0.44.0.tgz",
      "integrity": "sha512-MlaW4nUDgzS0JOBfsUawXyTOilr0jn+xvTVn6PEaGh2rmhNA54AhixXvdsVUWE9lfmHAsZV0AJHz2z7nunNhbQ==",
      "requires": {
        "@material/animation": "^0.41.0",
        "@material/base": "^0.41.0",
        "@material/feature-targeting": "^0.44.0",
        "@material/theme": "^0.43.0"
      }
    },
    "@material/rtl": {
      "version": "0.42.0",
      "resolved": "https://registry.npmjs.org/@material/rtl/-/rtl-0.42.0.tgz",
      "integrity": "sha512-VrnrKJzhmspsN8WXHuxxBZ69yM5IwhCUqWr1t1eNfw3ZEvEj7i1g3P31HGowKThIN1dc1Wh4LE14rCISWCtv5w=="
    },
    "@material/selection-control": {
      "version": "0.44.0",
      "resolved": "https://registry.npmjs.org/@material/selection-control/-/selection-control-0.44.0.tgz",
      "integrity": "sha512-HgCAPnMVMEj4X4ILkFSifqtZ3Tcc5HkU+Lfk9g0807sCaN/qBKWkYKLH2WJUbW8uk+MXK7DgP1khtS5zzanJWA==",
      "requires": {
        "@material/ripple": "^0.44.0"
      }
    },
    "@material/shape": {
      "version": "0.43.0",
      "resolved": "https://registry.npmjs.org/@material/shape/-/shape-0.43.0.tgz",
      "integrity": "sha512-KGnoQV4G2OQbMe5Lr5Xbk8XNlO93Qi/juxXtd2wrAfiaPmktD8ug0CwdVDOPBOmj9a0gX3Ofi9XWcoU+tLEVjg=="
    },
    "@material/textfield": {
      "version": "0.44.0",
      "resolved": "https://registry.npmjs.org/@material/textfield/-/textfield-0.44.0.tgz",
      "integrity": "sha512-IMBwMcE82eVU+Wifpu0t84tozvBPLCeqQELDtZNYujKg3RxaultzJLwIyGKPMZ9R4yPEpV2vgXPGKE+2/AWt0g==",
      "requires": {
        "@material/animation": "^0.41.0",
        "@material/base": "^0.41.0",
        "@material/floating-label": "^0.44.0",
        "@material/line-ripple": "^0.43.0",
        "@material/notched-outline": "^0.44.0",
        "@material/ripple": "^0.44.0",
        "@material/rtl": "^0.42.0",
        "@material/shape": "^0.43.0",
        "@material/theme": "^0.43.0",
        "@material/typography": "^0.44.0"
      }
    },
    "@material/theme": {
      "version": "0.43.0",
      "resolved": "https://registry.npmjs.org/@material/theme/-/theme-0.43.0.tgz",
      "integrity": "sha512-/zndZL6EihI18v2mYd4O8xvOBAAXmLeHyHVK28LozSAaJ9okQgD25wq5Ktk95oMTmPIC+rH66KcK6371ivNk8g=="
    },
    "@material/top-app-bar": {
      "version": "0.44.0",
      "resolved": "https://registry.npmjs.org/@material/top-app-bar/-/top-app-bar-0.44.0.tgz",
      "integrity": "sha512-tf0yXQJARYs8UPaH8oo3LnsSHEiur7Zm8Fc3hv3F0gNRRaZYBjwsMQMVbZZaWoQCWskMALyntBg+Fo18zdgDxw==",
      "requires": {
        "@material/animation": "^0.41.0",
        "@material/base": "^0.41.0",
        "@material/elevation": "^0.44.0",
        "@material/ripple": "^0.44.0",
        "@material/rtl": "^0.42.0",
        "@material/shape": "^0.43.0",
        "@material/theme": "^0.43.0",
        "@material/typography": "^0.44.0"
      }
    },
    "@material/typography": {
      "version": "0.44.0",
      "resolved": "https://registry.npmjs.org/@material/typography/-/typography-0.44.0.tgz",
      "integrity": "sha512-m4SjA9OjZRDKowN3cPzEa8e2GlTlEn3ZmW/Fy9eRNSp83iY+8a0xl6kCaF80v5qAVwVcpfEFyEHWxMJtkBw2uA=="
    },
    "focus-trap": {
      "version": "4.0.2",
      "resolved": "https://registry.npmjs.org/focus-trap/-/focus-trap-4.0.2.tgz",
      "integrity": "sha512-HtLjfAK7Hp2qbBtLS6wEznID1mPT+48ZnP2nkHzgjpL4kroYHg0CdqJ5cTXk+UO5znAxF5fRUkhdyfgrhh8Lzw==",
      "requires": {
        "tabbable": "^3.1.2",
        "xtend": "^4.0.1"
      }
    },
    "tabbable": {
      "version": "3.1.2",
      "resolved": "https://registry.npmjs.org/tabbable/-/tabbable-3.1.2.tgz",
      "integrity": "sha512-wjB6puVXTYO0BSFtCmWQubA/KIn7Xvajw0x0l6eJUudMG/EAiJvIUnyNX6xO4NpGrJ16lbD0eUseB9WxW0vlpQ=="
    },
    "xtend": {
      "version": "4.0.1",
      "resolved": "https://registry.npmjs.org/xtend/-/xtend-4.0.1.tgz",
      "integrity": "sha1-pcbVMr5lbiPbgg77lDofBJmNY68="
    }
  }
}
